// !$*UTF8*$!
{
	archiveVersion = 1;
	classes = {
	};
	objectVersion = 46;
	objects = {

/* Begin PBXBuildFile section */
		81EF0C351C045E4000881166 /* AppDelegate.swift in Sources */ = {isa = PBXBuildFile; fileRef = 81EF0C341C045E4000881166 /* AppDelegate.swift */; };
		81EF0C3C1C045E4000881166 /* Assets.xcassets in Resources */ = {isa = PBXBuildFile; fileRef = 81EF0C3B1C045E4000881166 /* Assets.xcassets */; };
		81EF0C3F1C045E4000881166 /* LaunchScreen.storyboard in Resources */ = {isa = PBXBuildFile; fileRef = 81EF0C3D1C045E4000881166 /* LaunchScreen.storyboard */; };
		81EF0C481C045EA000881166 /* BBSModelBase.swift in Sources */ = {isa = PBXBuildFile; fileRef = 81EF0C471C045EA000881166 /* BBSModelBase.swift */; };
		81EF0C4A1C045F7800881166 /* BBSRoomModel.swift in Sources */ = {isa = PBXBuildFile; fileRef = 81EF0C491C045F7800881166 /* BBSRoomModel.swift */; };
		81EF0C4D1C04616D00881166 /* RoomDataStore.swift in Sources */ = {isa = PBXBuildFile; fileRef = 81EF0C4C1C04616D00881166 /* RoomDataStore.swift */; };
/* End PBXBuildFile section */

/* Begin PBXFileReference section */
		81EF0C311C045E4000881166 /* Social.app */ = {isa = PBXFileReference; explicitFileType = wrapper.application; includeInIndex = 0; path = Social.app; sourceTree = BUILT_PRODUCTS_DIR; };
		81EF0C341C045E4000881166 /* AppDelegate.swift */ = {isa = PBXFileReference; lastKnownFileType = sourcecode.swift; path = AppDelegate.swift; sourceTree = "<group>"; };
		81EF0C3B1C045E4000881166 /* Assets.xcassets */ = {isa = PBXFileReference; lastKnownFileType = folder.assetcatalog; path = Assets.xcassets; sourceTree = "<group>"; };
		81EF0C3E1C045E4000881166 /* Base */ = {isa = PBXFileReference; lastKnownFileType = file.storyboard; name = Base; path = Base.lproj/LaunchScreen.storyboard; sourceTree = "<group>"; };
		81EF0C401C045E4000881166 /* Info.plist */ = {isa = PBXFileReference; lastKnownFileType = text.plist.xml; path = Info.plist; sourceTree = "<group>"; };
		81EF0C471C045EA000881166 /* BBSModelBase.swift */ = {isa = PBXFileReference; fileEncoding = 4; lastKnownFileType = sourcecode.swift; name = BBSModelBase.swift; path = Model/BBSModelBase.swift; sourceTree = "<group>"; };
		81EF0C491C045F7800881166 /* BBSRoomModel.swift */ = {isa = PBXFileReference; fileEncoding = 4; lastKnownFileType = sourcecode.swift; name = BBSRoomModel.swift; path = Model/BBSRoomModel.swift; sourceTree = "<group>"; };
		81EF0C4C1C04616D00881166 /* RoomDataStore.swift */ = {isa = PBXFileReference; fileEncoding = 4; lastKnownFileType = sourcecode.swift; name = RoomDataStore.swift; path = Data/RoomDataStore.swift; sourceTree = "<group>"; };
/* End PBXFileReference section */

/* Begin PBXFrameworksBuildPhase section */
		81EF0C2E1C045E4000881166 /* Frameworks */ = {
			isa = PBXFrameworksBuildPhase;
			buildActionMask = 2147483647;
			files = (
			);
			runOnlyForDeploymentPostprocessing = 0;
		};
/* End PBXFrameworksBuildPhase section */

/* Begin PBXGroup section */
		81EF0C281C045E4000881166 = {
			isa = PBXGroup;
			children = (
				81EF0C331C045E4000881166 /* Social */,
				81EF0C321C045E4000881166 /* Products */,
			);
			sourceTree = "<group>";
		};
		81EF0C321C045E4000881166 /* Products */ = {
			isa = PBXGroup;
			children = (
				81EF0C311C045E4000881166 /* Social.app */,
			);
			name = Products;
			sourceTree = "<group>";
		};
		81EF0C331C045E4000881166 /* Social */ = {
			isa = PBXGroup;
			children = (
				81EF0C4B1C04615C00881166 /* Data */,
				81EF0C461C045E7800881166 /* Model */,
				81EF0C341C045E4000881166 /* AppDelegate.swift */,
				81EF0C3B1C045E4000881166 /* Assets.xcassets */,
				81EF0C3D1C045E4000881166 /* LaunchScreen.storyboard */,
				81EF0C401C045E4000881166 /* Info.plist */,
			);
			path = Social;
			sourceTree = "<group>";
		};
		81EF0C461C045E7800881166 /* Model */ = {
			isa = PBXGroup;
			children = (
				81EF0C471C045EA000881166 /* BBSModelBase.swift */,
				81EF0C491C045F7800881166 /* BBSRoomModel.swift */,
			);
			name = Model;
			sourceTree = "<group>";
		};
		81EF0C4B1C04615C00881166 /* Data */ = {
			isa = PBXGroup;
			children = (
				81EF0C4C1C04616D00881166 /* RoomDataStore.swift */,
			);
			name = Data;
			sourceTree = "<group>";
		};
/* End PBXGroup section */

/* Begin PBXNativeTarget section */
		81EF0C301C045E4000881166 /* Social */ = {
			isa = PBXNativeTarget;
			buildConfigurationList = 81EF0C431C045E4000881166 /* Build configuration list for PBXNativeTarget "Social" */;
			buildPhases = (
				81EF0C2D1C045E4000881166 /* Sources */,
				81EF0C2E1C045E4000881166 /* Frameworks */,
				81EF0C2F1C045E4000881166 /* Resources */,
			);
			buildRules = (
			);
			dependencies = (
			);
			name = Social;
			productName = Social;
			productReference = 81EF0C311C045E4000881166 /* Social.app */;
			productType = "com.apple.product-type.application";
		};
/* End PBXNativeTarget section */

/* Begin PBXProject section */
		81EF0C291C045E4000881166 /* Project object */ = {
			isa = PBXProject;
			attributes = {
				LastSwiftUpdateCheck = 0710;
				LastUpgradeCheck = 0710;
				ORGANIZATIONNAME = Bellabeat;
				TargetAttributes = {
					81EF0C301C045E4000881166 = {
						CreatedOnToolsVersion = 7.1;
					};
				};
			};
			buildConfigurationList = 81EF0C2C1C045E4000881166 /* Build configuration list for PBXProject "Social" */;
			compatibilityVersion = "Xcode 3.2";
			developmentRegion = English;
			hasScannedForEncodings = 0;
			knownRegions = (
				en,
				Base,
			);
			mainGroup = 81EF0C281C045E4000881166;
			productRefGroup = 81EF0C321C045E4000881166 /* Products */;
			projectDirPath = "";
			projectRoot = "";
			targets = (
				81EF0C301C045E4000881166 /* Social */,
			);
		};
/* End PBXProject section */

/* Begin PBXResourcesBuildPhase section */
		81EF0C2F1C045E4000881166 /* Resources */ = {
			isa = PBXResourcesBuildPhase;
			buildActionMask = 2147483647;
			files = (
				81EF0C3F1C045E4000881166 /* LaunchScreen.storyboard in Resources */,
				81EF0C3C1C045E4000881166 /* Assets.xcassets in Resources */,
			);
			runOnlyForDeploymentPostprocessing = 0;
		};
/* End PBXResourcesBuildPhase section */

/* Begin PBXSourcesBuildPhase section */
		81EF0C2D1C045E4000881166 /* Sources */ = {
			isa = PBXSourcesBuildPhase;
			buildActionMask = 2147483647;
			files = (
				81EF0C481C045EA000881166 /* BBSModelBase.swift in Sources */,
				81EF0C351C045E4000881166 /* AppDelegate.swift in Sources */,
				81EF0C4D1C04616D00881166 /* RoomDataStore.swift in Sources */,
				81EF0C4A1C045F7800881166 /* BBSRoomModel.swift in Sources */,
			);
			runOnlyForDeploymentPostprocessing = 0;
		};
/* End PBXSourcesBuildPhase section */

/* Begin PBXVariantGroup section */
		81EF0C3D1C045E4000881166 /* LaunchScreen.storyboard */ = {
			isa = PBXVariantGroup;
			children = (
				81EF0C3E1C045E4000881166 /* Base */,
			);
			name = LaunchScreen.storyboard;
			sourceTree = "<group>";
		};
/* End PBXVariantGroup section */

/* Begin XCBuildConfiguration section */
		81EF0C411C045E4000881166 /* Debug */ = {
			isa = XCBuildConfiguration;
			buildSettings = {
				ALWAYS_SEARCH_USER_PATHS = NO;
				CLANG_CXX_LANGUAGE_STANDARD = "gnu++0x";
				CLANG_CXX_LIBRARY = "libc++";
				CLANG_ENABLE_MODULES = YES;
				CLANG_ENABLE_OBJC_ARC = YES;
				CLANG_WARN_BOOL_CONVERSION = YES;
				CLANG_WARN_CONSTANT_CONVERSION = YES;
				CLANG_WARN_DIRECT_OBJC_ISA_USAGE = YES_ERROR;
				CLANG_WARN_EMPTY_BODY = YES;
				CLANG_WARN_ENUM_CONVERSION = YES;
				CLANG_WARN_INT_CONVERSION = YES;
				CLANG_WARN_OBJC_ROOT_CLASS = YES_ERROR;
				CLANG_WARN_UNREACHABLE_CODE = YES;
				CLANG_WARN__DUPLICATE_METHOD_MATCH = YES;
				"CODE_SIGN_IDENTITY[sdk=iphoneos*]" = "iPhone Developer";
				COPY_PHASE_STRIP = NO;
				DEBUG_INFORMATION_FORMAT = dwarf;
				ENABLE_STRICT_OBJC_MSGSEND = YES;
				ENABLE_TESTABILITY = YES;
				GCC_C_LANGUAGE_STANDARD = gnu99;
				GCC_DYNAMIC_NO_PIC = NO;
				GCC_NO_COMMON_BLOCKS = YES;
				GCC_OPTIMIZATION_LEVEL = 0;
				GCC_PREPROCESSOR_DEFINITIONS = (
					"DEBUG=1",
					"$(inherited)",
				);
				GCC_WARN_64_TO_32_BIT_CONVERSION = YES;
				GCC_WARN_ABOUT_RETURN_TYPE = YES_ERROR;
				GCC_WARN_UNDECLARED_SELECTOR = YES;
				GCC_WARN_UNINITIALIZED_AUTOS = YES_AGGRESSIVE;
				GCC_WARN_UNUSED_FUNCTION = YES;
				GCC_WARN_UNUSED_VARIABLE = YES;
				IPHONEOS_DEPLOYMENT_TARGET = 9.1;
				MTL_ENABLE_DEBUG_INFO = YES;
				ONLY_ACTIVE_ARCH = YES;
				SDKROOT = iphoneos;
				SWIFT_OPTIMIZATION_LEVEL = "-Onone";
				TARGETED_DEVICE_FAMILY = "1,2";
			};
			name = Debug;
		};
		81EF0C421C045E4000881166 /* Release */ = {
			isa = XCBuildConfiguration;
			buildSettings = {
				ALWAYS_SEARCH_USER_PATHS = NO;
				CLANG_CXX_LANGUAGE_STANDARD = "gnu++0x";
				CLANG_CXX_LIBRARY = "libc++";
				CLANG_ENABLE_MODULES = YES;
				CLANG_ENABLE_OBJC_ARC = YES;
				CLANG_WARN_BOOL_CONVERSION = YES;
				CLANG_WARN_CONSTANT_CONVERSION = YES;
				CLANG_WARN_DIRECT_OBJC_ISA_USAGE = YES_ERROR;
				CLANG_WARN_EMPTY_BODY = YES;
				CLANG_WARN_ENUM_CONVERSION = YES;
				CLANG_WARN_INT_CONVERSION = YES;
				CLANG_WARN_OBJC_ROOT_CLASS = YES_ERROR;
				CLANG_WARN_UNREACHABLE_CODE = YES;
				CLANG_WARN__DUPLICATE_METHOD_MATCH = YES;
				"CODE_SIGN_IDENTITY[sdk=iphoneos*]" = "iPhone Developer";
				COPY_PHASE_STRIP = NO;
				DEBUG_INFORMATION_FORMAT = "dwarf-with-dsym";
				ENABLE_NS_ASSERTIONS = NO;
				ENABLE_STRICT_OBJC_MSGSEND = YES;
				GCC_C_LANGUAGE_STANDARD = gnu99;
				GCC_NO_COMMON_BLOCKS = YES;
				GCC_WARN_64_TO_32_BIT_CONVERSION = YES;
				GCC_WARN_ABOUT_RETURN_TYPE = YES_ERROR;
				GCC_WARN_UNDECLARED_SELECTOR = YES;
				GCC_WARN_UNINITIALIZED_AUTOS = YES_AGGRESSIVE;
				GCC_WARN_UNUSED_FUNCTION = YES;
				GCC_WARN_UNUSED_VARIABLE = YES;
				IPHONEOS_DEPLOYMENT_TARGET = 9.1;
				MTL_ENABLE_DEBUG_INFO = NO;
				SDKROOT = iphoneos;
				TARGETED_DEVICE_FAMILY = "1,2";
				VALIDATE_PRODUCT = YES;
			};
			name = Release;
		};
		81EF0C441C045E4000881166 /* Debug */ = {
			isa = XCBuildConfiguration;
			buildSettings = {
				ASSETCATALOG_COMPILER_APPICON_NAME = AppIcon;
				INFOPLIST_FILE = Social/Info.plist;
				IPHONEOS_DEPLOYMENT_TARGET = 7.0;
				LD_RUNPATH_SEARCH_PATHS = "$(inherited) @executable_path/Frameworks";
				PRODUCT_BUNDLE_IDENTIFIER = com.bellabeat.Social;
				PRODUCT_NAME = "$(TARGET_NAME)";
			};
			name = Debug;
		};
		81EF0C451C045E4000881166 /* Release */ = {
			isa = XCBuildConfiguration;
			buildSettings = {
				ASSETCATALOG_COMPILER_APPICON_NAME = AppIcon;
				INFOPLIST_FILE = Social/Info.plist;
				IPHONEOS_DEPLOYMENT_TARGET = 7.0;
				LD_RUNPATH_SEARCH_PATHS = "$(inherited) @executable_path/Frameworks";
				PRODUCT_BUNDLE_IDENTIFIER = com.bellabeat.Social;
				PRODUCT_NAME = "$(TARGET_NAME)";
			};
			name = Release;
		};
/* End XCBuildConfiguration section */

/* Begin XCConfigurationList section */
		81EF0C2C1C045E4000881166 /* Build configuration list for PBXProject "Social" */ = {
			isa = XCConfigurationList;
			buildConfigurations = (
				81EF0C411C045E4000881166 /* Debug */,
				81EF0C421C045E4000881166 /* Release */,
			);
			defaultConfigurationIsVisible = 0;
			defaultConfigurationName = Release;
		};
		81EF0C431C045E4000881166 /* Build configuration list for PBXNativeTarget "Social" */ = {
			isa = XCConfigurationList;
			buildConfigurations = (
				81EF0C441C045E4000881166 /* Debug */,
				81EF0C451C045E4000881166 /* Release */,
			);
			defaultConfigurationIsVisible = 0;
		};
/* End XCConfigurationList section */
	};
	rootObject = 81EF0C291C045E4000881166 /* Project object */;
}
